// !$*UTF8*$!
{
	archiveVersion = 1;
	classes = {
	};
	objectVersion = 56;
	objects = {

/* Begin PBXBuildFile section */
		1217F2C42C6153150046D9E5 /* Diabetic_Wellness_TrackerApp.swift in Sources */ = {isa = PBXBuildFile; fileRef = 1217F2C32C6153150046D9E5 /* Diabetic_Wellness_TrackerApp.swift */; };
		1217F2C82C6153170046D9E5 /* Assets.xcassets in Resources */ = {isa = PBXBuildFile; fileRef = 1217F2C72C6153170046D9E5 /* Assets.xcassets */; };
		1217F2CB2C6153170046D9E5 /* Preview Assets.xcassets in Resources */ = {isa = PBXBuildFile; fileRef = 1217F2CA2C6153170046D9E5 /* Preview Assets.xcassets */; };
		1217F2D02C6153170046D9E5 /* Diabetic_Wellness_Tracker.xcdatamodeld in Sources */ = {isa = PBXBuildFile; fileRef = 1217F2CE2C6153170046D9E5 /* Diabetic_Wellness_Tracker.xcdatamodeld */; };
		1217F2D72C6157E00046D9E5 /* Ingredient.swift in Sources */ = {isa = PBXBuildFile; fileRef = 1217F2D62C6157E00046D9E5 /* Ingredient.swift */; };
		1217F2DA2C6158750046D9E5 /* Recipe.swift in Sources */ = {isa = PBXBuildFile; fileRef = 1217F2D92C6158750046D9E5 /* Recipe.swift */; };
		1217F2DC2C6158D60046D9E5 /* JournalEntry.swift in Sources */ = {isa = PBXBuildFile; fileRef = 1217F2DB2C6158D60046D9E5 /* JournalEntry.swift */; };
		1217F2DF2C617F300046D9E5 /* Onboarding.swift in Sources */ = {isa = PBXBuildFile; fileRef = 1217F2DE2C617F300046D9E5 /* Onboarding.swift */; };
		1217F2E12C6187E10046D9E5 /* Home.swift in Sources */ = {isa = PBXBuildFile; fileRef = 1217F2E02C6187E10046D9E5 /* Home.swift */; };
		1217F2E32C6189D30046D9E5 /* ContentView.swift in Sources */ = {isa = PBXBuildFile; fileRef = 1217F2E22C6189D30046D9E5 /* ContentView.swift */; };
		1217F2E52C6291890046D9E5 /* JournalPrompts.swift in Sources */ = {isa = PBXBuildFile; fileRef = 1217F2E42C6291890046D9E5 /* JournalPrompts.swift */; };
		1217F2E72C629B7A0046D9E5 /* CoreDataManager.swift in Sources */ = {isa = PBXBuildFile; fileRef = 1217F2E62C629B7A0046D9E5 /* CoreDataManager.swift */; };
		1217F2EB2C62ABF90046D9E5 /* Journals.swift in Sources */ = {isa = PBXBuildFile; fileRef = 1217F2EA2C62ABF90046D9E5 /* Journals.swift */; };
		1217F2F12C631A020046D9E5 /* Background.swift in Sources */ = {isa = PBXBuildFile; fileRef = 1217F2F02C631A020046D9E5 /* Background.swift */; };
		1217F2F32C631CD30046D9E5 /* JournalThumbnail.swift in Sources */ = {isa = PBXBuildFile; fileRef = 1217F2F22C631CD30046D9E5 /* JournalThumbnail.swift */; };
		123335DC2C63DCDD000F3361 /* SearchJournals.swift in Sources */ = {isa = PBXBuildFile; fileRef = 123335DB2C63DCDD000F3361 /* SearchJournals.swift */; };
		123335E02C63E204000F3361 /* RecipesView.swift in Sources */ = {isa = PBXBuildFile; fileRef = 123335DF2C63E204000F3361 /* RecipesView.swift */; };
		123335E22C63E542000F3361 /* RecipeThumbnail.swift in Sources */ = {isa = PBXBuildFile; fileRef = 123335E12C63E542000F3361 /* RecipeThumbnail.swift */; };
		12934E292C64131F00BC74A0 /* RecipeEditor.swift in Sources */ = {isa = PBXBuildFile; fileRef = 12934E282C64131F00BC74A0 /* RecipeEditor.swift */; };
		12934E2D2C65348000BC74A0 /* IngredientsEditor.swift in Sources */ = {isa = PBXBuildFile; fileRef = 12934E2C2C65348000BC74A0 /* IngredientsEditor.swift */; };
		12C004742C63264200D7C102 /* CreateNewJournal.swift in Sources */ = {isa = PBXBuildFile; fileRef = 12C004732C63264200D7C102 /* CreateNewJournal.swift */; };
/* End PBXBuildFile section */

/* Begin PBXFileReference section */
		1217F2C02C6153150046D9E5 /* Diabetic Wellness Tracker.app */ = {isa = PBXFileReference; explicitFileType = wrapper.application; includeInIndex = 0; path = "Diabetic Wellness Tracker.app"; sourceTree = BUILT_PRODUCTS_DIR; };
		1217F2C32C6153150046D9E5 /* Diabetic_Wellness_TrackerApp.swift */ = {isa = PBXFileReference; lastKnownFileType = sourcecode.swift; path = Diabetic_Wellness_TrackerApp.swift; sourceTree = "<group>"; };
		1217F2C72C6153170046D9E5 /* Assets.xcassets */ = {isa = PBXFileReference; lastKnownFileType = folder.assetcatalog; path = Assets.xcassets; sourceTree = "<group>"; };
		1217F2CA2C6153170046D9E5 /* Preview Assets.xcassets */ = {isa = PBXFileReference; lastKnownFileType = folder.assetcatalog; path = "Preview Assets.xcassets"; sourceTree = "<group>"; };
		1217F2CF2C6153170046D9E5 /* Diabetic_Wellness_Tracker.xcdatamodel */ = {isa = PBXFileReference; lastKnownFileType = wrapper.xcdatamodel; path = Diabetic_Wellness_Tracker.xcdatamodel; sourceTree = "<group>"; };
		1217F2D62C6157E00046D9E5 /* Ingredient.swift */ = {isa = PBXFileReference; lastKnownFileType = sourcecode.swift; path = Ingredient.swift; sourceTree = "<group>"; };
		1217F2D92C6158750046D9E5 /* Recipe.swift */ = {isa = PBXFileReference; lastKnownFileType = sourcecode.swift; path = Recipe.swift; sourceTree = "<group>"; };
		1217F2DB2C6158D60046D9E5 /* JournalEntry.swift */ = {isa = PBXFileReference; lastKnownFileType = sourcecode.swift; path = JournalEntry.swift; sourceTree = "<group>"; };
		1217F2DE2C617F300046D9E5 /* Onboarding.swift */ = {isa = PBXFileReference; lastKnownFileType = sourcecode.swift; path = Onboarding.swift; sourceTree = "<group>"; };
		1217F2E02C6187E10046D9E5 /* Home.swift */ = {isa = PBXFileReference; lastKnownFileType = sourcecode.swift; path = Home.swift; sourceTree = "<group>"; };
		1217F2E22C6189D30046D9E5 /* ContentView.swift */ = {isa = PBXFileReference; lastKnownFileType = sourcecode.swift; path = ContentView.swift; sourceTree = "<group>"; };
		1217F2E42C6291890046D9E5 /* JournalPrompts.swift */ = {isa = PBXFileReference; lastKnownFileType = sourcecode.swift; path = JournalPrompts.swift; sourceTree = "<group>"; };
		1217F2E62C629B7A0046D9E5 /* CoreDataManager.swift */ = {isa = PBXFileReference; lastKnownFileType = sourcecode.swift; path = CoreDataManager.swift; sourceTree = "<group>"; };
		1217F2EA2C62ABF90046D9E5 /* Journals.swift */ = {isa = PBXFileReference; lastKnownFileType = sourcecode.swift; path = Journals.swift; sourceTree = "<group>"; };
		1217F2F02C631A020046D9E5 /* Background.swift */ = {isa = PBXFileReference; lastKnownFileType = sourcecode.swift; path = Background.swift; sourceTree = "<group>"; };
		1217F2F22C631CD30046D9E5 /* JournalThumbnail.swift */ = {isa = PBXFileReference; lastKnownFileType = sourcecode.swift; path = JournalThumbnail.swift; sourceTree = "<group>"; };
		123335DB2C63DCDD000F3361 /* SearchJournals.swift */ = {isa = PBXFileReference; lastKnownFileType = sourcecode.swift; path = SearchJournals.swift; sourceTree = "<group>"; };
		123335DF2C63E204000F3361 /* RecipesView.swift */ = {isa = PBXFileReference; lastKnownFileType = sourcecode.swift; path = RecipesView.swift; sourceTree = "<group>"; };
		123335E12C63E542000F3361 /* RecipeThumbnail.swift */ = {isa = PBXFileReference; lastKnownFileType = sourcecode.swift; path = RecipeThumbnail.swift; sourceTree = "<group>"; };
		12934E282C64131F00BC74A0 /* RecipeEditor.swift */ = {isa = PBXFileReference; lastKnownFileType = sourcecode.swift; path = RecipeEditor.swift; sourceTree = "<group>"; };
		12934E2C2C65348000BC74A0 /* IngredientsEditor.swift */ = {isa = PBXFileReference; lastKnownFileType = sourcecode.swift; path = IngredientsEditor.swift; sourceTree = "<group>"; };
		12C004732C63264200D7C102 /* CreateNewJournal.swift */ = {isa = PBXFileReference; lastKnownFileType = sourcecode.swift; path = CreateNewJournal.swift; sourceTree = "<group>"; };
/* End PBXFileReference section */

/* Begin PBXFrameworksBuildPhase section */
		1217F2BD2C6153150046D9E5 /* Frameworks */ = {
			isa = PBXFrameworksBuildPhase;
			buildActionMask = 2147483647;
			files = (
			);
			runOnlyForDeploymentPostprocessing = 0;
		};
/* End PBXFrameworksBuildPhase section */

/* Begin PBXGroup section */
		1217F2B72C6153150046D9E5 = {
			isa = PBXGroup;
			children = (
				1217F2C22C6153150046D9E5 /* Diabetic Wellness Tracker */,
				1217F2C12C6153150046D9E5 /* Products */,
			);
			sourceTree = "<group>";
		};
		1217F2C12C6153150046D9E5 /* Products */ = {
			isa = PBXGroup;
			children = (
				1217F2C02C6153150046D9E5 /* Diabetic Wellness Tracker.app */,
			);
			name = Products;
			sourceTree = "<group>";
		};
		1217F2C22C6153150046D9E5 /* Diabetic Wellness Tracker */ = {
			isa = PBXGroup;
			children = (
				1217F2C32C6153150046D9E5 /* Diabetic_Wellness_TrackerApp.swift */,
				1217F2E62C629B7A0046D9E5 /* CoreDataManager.swift */,
				1217F2CE2C6153170046D9E5 /* Diabetic_Wellness_Tracker.xcdatamodeld */,
				1217F2C72C6153170046D9E5 /* Assets.xcassets */,
				1217F2D82C6158310046D9E5 /* DownloadModels */,
				1217F2DD2C617F160046D9E5 /* Views */,
				1217F2C92C6153170046D9E5 /* Preview Content */,
			);
			path = "Diabetic Wellness Tracker";
			sourceTree = "<group>";
		};
		1217F2C92C6153170046D9E5 /* Preview Content */ = {
			isa = PBXGroup;
			children = (
				1217F2CA2C6153170046D9E5 /* Preview Assets.xcassets */,
			);
			path = "Preview Content";
			sourceTree = "<group>";
		};
		1217F2D82C6158310046D9E5 /* DownloadModels */ = {
			isa = PBXGroup;
			children = (
				1217F2D62C6157E00046D9E5 /* Ingredient.swift */,
				1217F2D92C6158750046D9E5 /* Recipe.swift */,
				1217F2E42C6291890046D9E5 /* JournalPrompts.swift */,
				1217F2DB2C6158D60046D9E5 /* JournalEntry.swift */,
			);
			path = DownloadModels;
			sourceTree = "<group>";
		};
		1217F2DD2C617F160046D9E5 /* Views */ = {
			isa = PBXGroup;
			children = (
				1217F2DE2C617F300046D9E5 /* Onboarding.swift */,
				1217F2E22C6189D30046D9E5 /* ContentView.swift */,
				1217F2E02C6187E10046D9E5 /* Home.swift */,
				12D7EFFA2C65836E00934890 /* Journal */,
				12D7EFF92C65835900934890 /* Recipe */,
				1217F2F02C631A020046D9E5 /* Background.swift */,
			);
			path = Views;
			sourceTree = "<group>";
		};
		12D7EFF92C65835900934890 /* Recipe */ = {
			isa = PBXGroup;
			children = (
				123335DF2C63E204000F3361 /* RecipesView.swift */,
				123335E12C63E542000F3361 /* RecipeThumbnail.swift */,
				12934E282C64131F00BC74A0 /* RecipeEditor.swift */,
				12934E2C2C65348000BC74A0 /* IngredientsEditor.swift */,
			);
			path = Recipe;
			sourceTree = "<group>";
		};
		12D7EFFA2C65836E00934890 /* Journal */ = {
			isa = PBXGroup;
			children = (
				123335DB2C63DCDD000F3361 /* SearchJournals.swift */,
				1217F2EA2C62ABF90046D9E5 /* Journals.swift */,
				1217F2F22C631CD30046D9E5 /* JournalThumbnail.swift */,
				12C004732C63264200D7C102 /* CreateNewJournal.swift */,
			);
			path = Journal;
			sourceTree = "<group>";
		};
/* End PBXGroup section */

/* Begin PBXNativeTarget section */
		1217F2BF2C6153150046D9E5 /* Diabetic Wellness Tracker */ = {
			isa = PBXNativeTarget;
			buildConfigurationList = 1217F2D32C6153170046D9E5 /* Build configuration list for PBXNativeTarget "Diabetic Wellness Tracker" */;
			buildPhases = (
				1217F2BC2C6153150046D9E5 /* Sources */,
				1217F2BD2C6153150046D9E5 /* Frameworks */,
				1217F2BE2C6153150046D9E5 /* Resources */,
			);
			buildRules = (
			);
			dependencies = (
			);
			name = "Diabetic Wellness Tracker";
			productName = "Diabetic Wellness Tracker";
			productReference = 1217F2C02C6153150046D9E5 /* Diabetic Wellness Tracker.app */;
			productType = "com.apple.product-type.application";
		};
/* End PBXNativeTarget section */

/* Begin PBXProject section */
		1217F2B82C6153150046D9E5 /* Project object */ = {
			isa = PBXProject;
			attributes = {
				BuildIndependentTargetsInParallel = 1;
				LastSwiftUpdateCheck = 1540;
				LastUpgradeCheck = 1540;
				TargetAttributes = {
					1217F2BF2C6153150046D9E5 = {
						CreatedOnToolsVersion = 15.4;
					};
				};
			};
			buildConfigurationList = 1217F2BB2C6153150046D9E5 /* Build configuration list for PBXProject "Diabetic Wellness Tracker" */;
			compatibilityVersion = "Xcode 14.0";
			developmentRegion = en;
			hasScannedForEncodings = 0;
			knownRegions = (
				en,
				Base,
			);
			mainGroup = 1217F2B72C6153150046D9E5;
			productRefGroup = 1217F2C12C6153150046D9E5 /* Products */;
			projectDirPath = "";
			projectRoot = "";
			targets = (
				1217F2BF2C6153150046D9E5 /* Diabetic Wellness Tracker */,
			);
		};
/* End PBXProject section */

/* Begin PBXResourcesBuildPhase section */
		1217F2BE2C6153150046D9E5 /* Resources */ = {
			isa = PBXResourcesBuildPhase;
			buildActionMask = 2147483647;
			files = (
				1217F2CB2C6153170046D9E5 /* Preview Assets.xcassets in Resources */,
				1217F2C82C6153170046D9E5 /* Assets.xcassets in Resources */,
			);
			runOnlyForDeploymentPostprocessing = 0;
		};
/* End PBXResourcesBuildPhase section */

/* Begin PBXSourcesBuildPhase section */
		1217F2BC2C6153150046D9E5 /* Sources */ = {
			isa = PBXSourcesBuildPhase;
			buildActionMask = 2147483647;
			files = (
				1217F2EB2C62ABF90046D9E5 /* Journals.swift in Sources */,
				1217F2E52C6291890046D9E5 /* JournalPrompts.swift in Sources */,
				123335E02C63E204000F3361 /* RecipesView.swift in Sources */,
				12C004742C63264200D7C102 /* CreateNewJournal.swift in Sources */,
				1217F2DC2C6158D60046D9E5 /* JournalEntry.swift in Sources */,
				1217F2D72C6157E00046D9E5 /* Ingredient.swift in Sources */,
				12934E292C64131F00BC74A0 /* RecipeEditor.swift in Sources */,
				1217F2DF2C617F300046D9E5 /* Onboarding.swift in Sources */,
				1217F2F32C631CD30046D9E5 /* JournalThumbnail.swift in Sources */,
				12934E2D2C65348000BC74A0 /* IngredientsEditor.swift in Sources */,
				1217F2D02C6153170046D9E5 /* Diabetic_Wellness_Tracker.xcdatamodeld in Sources */,
				123335E22C63E542000F3361 /* RecipeThumbnail.swift in Sources */,
				1217F2E32C6189D30046D9E5 /* ContentView.swift in Sources */,
				1217F2C42C6153150046D9E5 /* Diabetic_Wellness_TrackerApp.swift in Sources */,
				1217F2E12C6187E10046D9E5 /* Home.swift in Sources */,
				1217F2DA2C6158750046D9E5 /* Recipe.swift in Sources */,
				123335DC2C63DCDD000F3361 /* SearchJournals.swift in Sources */,
				1217F2F12C631A020046D9E5 /* Background.swift in Sources */,
				1217F2E72C629B7A0046D9E5 /* CoreDataManager.swift in Sources */,
			);
			runOnlyForDeploymentPostprocessing = 0;
		};
/* End PBXSourcesBuildPhase section */

/* Begin XCBuildConfiguration section */
		1217F2D12C6153170046D9E5 /* Debug */ = {
			isa = XCBuildConfiguration;
			buildSettings = {
				ALWAYS_SEARCH_USER_PATHS = NO;
				ASSETCATALOG_COMPILER_GENERATE_SWIFT_ASSET_SYMBOL_EXTENSIONS = YES;
				CLANG_ANALYZER_NONNULL = YES;
				CLANG_ANALYZER_NUMBER_OBJECT_CONVERSION = YES_AGGRESSIVE;
				CLANG_CXX_LANGUAGE_STANDARD = "gnu++20";
				CLANG_ENABLE_MODULES = YES;
				CLANG_ENABLE_OBJC_ARC = YES;
				CLANG_ENABLE_OBJC_WEAK = YES;
				CLANG_WARN_BLOCK_CAPTURE_AUTORELEASING = YES;
				CLANG_WARN_BOOL_CONVERSION = YES;
				CLANG_WARN_COMMA = YES;
				CLANG_WARN_CONSTANT_CONVERSION = YES;
				CLANG_WARN_DEPRECATED_OBJC_IMPLEMENTATIONS = YES;
				CLANG_WARN_DIRECT_OBJC_ISA_USAGE = YES_ERROR;
				CLANG_WARN_DOCUMENTATION_COMMENTS = YES;
				CLANG_WARN_EMPTY_BODY = YES;
				CLANG_WARN_ENUM_CONVERSION = YES;
				CLANG_WARN_INFINITE_RECURSION = YES;
				CLANG_WARN_INT_CONVERSION = YES;
				CLANG_WARN_NON_LITERAL_NULL_CONVERSION = YES;
				CLANG_WARN_OBJC_IMPLICIT_RETAIN_SELF = YES;
				CLANG_WARN_OBJC_LITERAL_CONVERSION = YES;
				CLANG_WARN_OBJC_ROOT_CLASS = YES_ERROR;
				CLANG_WARN_QUOTED_INCLUDE_IN_FRAMEWORK_HEADER = YES;
				CLANG_WARN_RANGE_LOOP_ANALYSIS = YES;
				CLANG_WARN_STRICT_PROTOTYPES = YES;
				CLANG_WARN_SUSPICIOUS_MOVE = YES;
				CLANG_WARN_UNGUARDED_AVAILABILITY = YES_AGGRESSIVE;
				CLANG_WARN_UNREACHABLE_CODE = YES;
				CLANG_WARN__DUPLICATE_METHOD_MATCH = YES;
				COPY_PHASE_STRIP = NO;
				DEBUG_INFORMATION_FORMAT = dwarf;
				ENABLE_STRICT_OBJC_MSGSEND = YES;
				ENABLE_TESTABILITY = YES;
				ENABLE_USER_SCRIPT_SANDBOXING = YES;
				GCC_C_LANGUAGE_STANDARD = gnu17;
				GCC_DYNAMIC_NO_PIC = NO;
				GCC_NO_COMMON_BLOCKS = YES;
				GCC_OPTIMIZATION_LEVEL = 0;
				GCC_PREPROCESSOR_DEFINITIONS = (
					"DEBUG=1",
					"$(inherited)",
				);
				GCC_WARN_64_TO_32_BIT_CONVERSION = YES;
				GCC_WARN_ABOUT_RETURN_TYPE = YES_ERROR;
				GCC_WARN_UNDECLARED_SELECTOR = YES;
				GCC_WARN_UNINITIALIZED_AUTOS = YES_AGGRESSIVE;
				GCC_WARN_UNUSED_FUNCTION = YES;
				GCC_WARN_UNUSED_VARIABLE = YES;
				IPHONEOS_DEPLOYMENT_TARGET = 17.5;
				LOCALIZATION_PREFERS_STRING_CATALOGS = YES;
				MTL_ENABLE_DEBUG_INFO = INCLUDE_SOURCE;
				MTL_FAST_MATH = YES;
				ONLY_ACTIVE_ARCH = YES;
				SDKROOT = iphoneos;
				SWIFT_ACTIVE_COMPILATION_CONDITIONS = "DEBUG $(inherited)";
				SWIFT_OPTIMIZATION_LEVEL = "-Onone";
			};
			name = Debug;
		};
		1217F2D22C6153170046D9E5 /* Release */ = {
			isa = XCBuildConfiguration;
			buildSettings = {
				ALWAYS_SEARCH_USER_PATHS = NO;
				ASSETCATALOG_COMPILER_GENERATE_SWIFT_ASSET_SYMBOL_EXTENSIONS = YES;
				CLANG_ANALYZER_NONNULL = YES;
				CLANG_ANALYZER_NUMBER_OBJECT_CONVERSION = YES_AGGRESSIVE;
				CLANG_CXX_LANGUAGE_STANDARD = "gnu++20";
				CLANG_ENABLE_MODULES = YES;
				CLANG_ENABLE_OBJC_ARC = YES;
				CLANG_ENABLE_OBJC_WEAK = YES;
				CLANG_WARN_BLOCK_CAPTURE_AUTORELEASING = YES;
				CLANG_WARN_BOOL_CONVERSION = YES;
				CLANG_WARN_COMMA = YES;
				CLANG_WARN_CONSTANT_CONVERSION = YES;
				CLANG_WARN_DEPRECATED_OBJC_IMPLEMENTATIONS = YES;
				CLANG_WARN_DIRECT_OBJC_ISA_USAGE = YES_ERROR;
				CLANG_WARN_DOCUMENTATION_COMMENTS = YES;
				CLANG_WARN_EMPTY_BODY = YES;
				CLANG_WARN_ENUM_CONVERSION = YES;
				CLANG_WARN_INFINITE_RECURSION = YES;
				CLANG_WARN_INT_CONVERSION = YES;
				CLANG_WARN_NON_LITERAL_NULL_CONVERSION = YES;
				CLANG_WARN_OBJC_IMPLICIT_RETAIN_SELF = YES;
				CLANG_WARN_OBJC_LITERAL_CONVERSION = YES;
				CLANG_WARN_OBJC_ROOT_CLASS = YES_ERROR;
				CLANG_WARN_QUOTED_INCLUDE_IN_FRAMEWORK_HEADER = YES;
				CLANG_WARN_RANGE_LOOP_ANALYSIS = YES;
				CLANG_WARN_STRICT_PROTOTYPES = YES;
				CLANG_WARN_SUSPICIOUS_MOVE = YES;
				CLANG_WARN_UNGUARDED_AVAILABILITY = YES_AGGRESSIVE;
				CLANG_WARN_UNREACHABLE_CODE = YES;
				CLANG_WARN__DUPLICATE_METHOD_MATCH = YES;
				COPY_PHASE_STRIP = NO;
				DEBUG_INFORMATION_FORMAT = "dwarf-with-dsym";
				ENABLE_NS_ASSERTIONS = NO;
				ENABLE_STRICT_OBJC_MSGSEND = YES;
				ENABLE_USER_SCRIPT_SANDBOXING = YES;
				GCC_C_LANGUAGE_STANDARD = gnu17;
				GCC_NO_COMMON_BLOCKS = YES;
				GCC_WARN_64_TO_32_BIT_CONVERSION = YES;
				GCC_WARN_ABOUT_RETURN_TYPE = YES_ERROR;
				GCC_WARN_UNDECLARED_SELECTOR = YES;
				GCC_WARN_UNINITIALIZED_AUTOS = YES_AGGRESSIVE;
				GCC_WARN_UNUSED_FUNCTION = YES;
				GCC_WARN_UNUSED_VARIABLE = YES;
				IPHONEOS_DEPLOYMENT_TARGET = 17.5;
				LOCALIZATION_PREFERS_STRING_CATALOGS = YES;
				MTL_ENABLE_DEBUG_INFO = NO;
				MTL_FAST_MATH = YES;
				SDKROOT = iphoneos;
				SWIFT_COMPILATION_MODE = wholemodule;
				VALIDATE_PRODUCT = YES;
			};
			name = Release;
		};
		1217F2D42C6153170046D9E5 /* Debug */ = {
			isa = XCBuildConfiguration;
			buildSettings = {
				ASSETCATALOG_COMPILER_APPICON_NAME = AppIcon;
				ASSETCATALOG_COMPILER_GLOBAL_ACCENT_COLOR_NAME = AccentColor;
				CODE_SIGN_STYLE = Automatic;
				CURRENT_PROJECT_VERSION = 1;
				DEVELOPMENT_ASSET_PATHS = "\"Diabetic Wellness Tracker/Preview Content\"";
				DEVELOPMENT_TEAM = K3XV37YSVM;
				ENABLE_PREVIEWS = YES;
				GENERATE_INFOPLIST_FILE = YES;
				INFOPLIST_KEY_UIApplicationSceneManifest_Generation = YES;
				INFOPLIST_KEY_UIApplicationSupportsIndirectInputEvents = YES;
				INFOPLIST_KEY_UILaunchScreen_Generation = YES;
				INFOPLIST_KEY_UISupportedInterfaceOrientations_iPad = "UIInterfaceOrientationPortrait UIInterfaceOrientationPortraitUpsideDown UIInterfaceOrientationLandscapeLeft UIInterfaceOrientationLandscapeRight";
				INFOPLIST_KEY_UISupportedInterfaceOrientations_iPhone = "UIInterfaceOrientationPortrait UIInterfaceOrientationLandscapeLeft UIInterfaceOrientationLandscapeRight";
				LD_RUNPATH_SEARCH_PATHS = (
					"$(inherited)",
					"@executable_path/Frameworks",
				);
				MARKETING_VERSION = 1.0;
				PRODUCT_BUNDLE_IDENTIFIER = "Jacob-Croket.Diabetic-Wellness-Tracker";
				PRODUCT_NAME = "$(TARGET_NAME)";
				SWIFT_EMIT_LOC_STRINGS = YES;
				SWIFT_VERSION = 5.0;
				TARGETED_DEVICE_FAMILY = "1,2";
			};
			name = Debug;
		};
		1217F2D52C6153170046D9E5 /* Release */ = {
			isa = XCBuildConfiguration;
			buildSettings = {
				ASSETCATALOG_COMPILER_APPICON_NAME = AppIcon;
				ASSETCATALOG_COMPILER_GLOBAL_ACCENT_COLOR_NAME = AccentColor;
				CODE_SIGN_STYLE = Automatic;
				CURRENT_PROJECT_VERSION = 1;
				DEVELOPMENT_ASSET_PATHS = "\"Diabetic Wellness Tracker/Preview Content\"";
				DEVELOPMENT_TEAM = K3XV37YSVM;
				ENABLE_PREVIEWS = YES;
				GENERATE_INFOPLIST_FILE = YES;
				INFOPLIST_KEY_UIApplicationSceneManifest_Generation = YES;
				INFOPLIST_KEY_UIApplicationSupportsIndirectInputEvents = YES;
				INFOPLIST_KEY_UILaunchScreen_Generation = YES;
				INFOPLIST_KEY_UISupportedInterfaceOrientations_iPad = "UIInterfaceOrientationPortrait UIInterfaceOrientationPortraitUpsideDown UIInterfaceOrientationLandscapeLeft UIInterfaceOrientationLandscapeRight";
				INFOPLIST_KEY_UISupportedInterfaceOrientations_iPhone = "UIInterfaceOrientationPortrait UIInterfaceOrientationLandscapeLeft UIInterfaceOrientationLandscapeRight";
				LD_RUNPATH_SEARCH_PATHS = (
					"$(inherited)",
					"@executable_path/Frameworks",
				);
				MARKETING_VERSION = 1.0;
				PRODUCT_BUNDLE_IDENTIFIER = "Jacob-Croket.Diabetic-Wellness-Tracker";
				PRODUCT_NAME = "$(TARGET_NAME)";
				SWIFT_EMIT_LOC_STRINGS = YES;
				SWIFT_VERSION = 5.0;
				TARGETED_DEVICE_FAMILY = "1,2";
			};
			name = Release;
		};
/* End XCBuildConfiguration section */

/* Begin XCConfigurationList section */
		1217F2BB2C6153150046D9E5 /* Build configuration list for PBXProject "Diabetic Wellness Tracker" */ = {
			isa = XCConfigurationList;
			buildConfigurations = (
				1217F2D12C6153170046D9E5 /* Debug */,
				1217F2D22C6153170046D9E5 /* Release */,
			);
			defaultConfigurationIsVisible = 0;
			defaultConfigurationName = Release;
		};
		1217F2D32C6153170046D9E5 /* Build configuration list for PBXNativeTarget "Diabetic Wellness Tracker" */ = {
			isa = XCConfigurationList;
			buildConfigurations = (
				1217F2D42C6153170046D9E5 /* Debug */,
				1217F2D52C6153170046D9E5 /* Release */,
			);
			defaultConfigurationIsVisible = 0;
			defaultConfigurationName = Release;
		};
/* End XCConfigurationList section */

/* Begin XCVersionGroup section */
		1217F2CE2C6153170046D9E5 /* Diabetic_Wellness_Tracker.xcdatamodeld */ = {
			isa = XCVersionGroup;
			children = (
				1217F2CF2C6153170046D9E5 /* Diabetic_Wellness_Tracker.xcdatamodel */,
			);
			currentVersion = 1217F2CF2C6153170046D9E5 /* Diabetic_Wellness_Tracker.xcdatamodel */;
			path = Diabetic_Wellness_Tracker.xcdatamodeld;
			sourceTree = "<group>";
			versionGroupType = wrapper.xcdatamodel;
		};
/* End XCVersionGroup section */
	};
	rootObject = 1217F2B82C6153150046D9E5 /* Project object */;
}
